// !$*UTF8*$!
{
	archiveVersion = 1;
	classes = {
	};
	objectVersion = 56;
	objects = {

/* Begin PBXBuildFile section */
		190375BC2A0FAE390050AB1B /* Localizable.strings in Resources */ = {isa = PBXBuildFile; fileRef = 190375BE2A0FAE390050AB1B /* Localizable.strings */; };
		191924072A1BAD8A000BB3A7 /* ToDoList.xcdatamodeld in Sources */ = {isa = PBXBuildFile; fileRef = 191924052A1BAD89000BB3A7 /* ToDoList.xcdatamodeld */; };
		1919240A2A1BADFD000BB3A7 /* TaskEntity+CoreDataClass.swift in Sources */ = {isa = PBXBuildFile; fileRef = 191924082A1BADFD000BB3A7 /* TaskEntity+CoreDataClass.swift */; };
		1919240B2A1BADFD000BB3A7 /* TaskEntity+CoreDataProperties.swift in Sources */ = {isa = PBXBuildFile; fileRef = 191924092A1BADFD000BB3A7 /* TaskEntity+CoreDataProperties.swift */; };
		191924202A1CB8C1000BB3A7 /* ToDoListTests.swift in Sources */ = {isa = PBXBuildFile; fileRef = 1919241F2A1CB8C1000BB3A7 /* ToDoListTests.swift */; };
		198C53612A0639170073A346 /* TaskListView.swift in Sources */ = {isa = PBXBuildFile; fileRef = 198C53602A0639170073A346 /* TaskListView.swift */; };
		198C53652A06615F0073A346 /* TaskDetailViewController.swift in Sources */ = {isa = PBXBuildFile; fileRef = 198C53632A06615F0073A346 /* TaskDetailViewController.swift */; };
		198C53662A06615F0073A346 /* TaskDetailViewController.xib in Resources */ = {isa = PBXBuildFile; fileRef = 198C53642A06615F0073A346 /* TaskDetailViewController.xib */; };
		199A4E152A04DDA6001AA9AF /* Constants.swift in Sources */ = {isa = PBXBuildFile; fileRef = 199A4E142A04DDA6001AA9AF /* Constants.swift */; };
		199A4E182A04F0A2001AA9AF /* TaskListTableViewCell.xib in Resources */ = {isa = PBXBuildFile; fileRef = 199A4E172A04F0A2001AA9AF /* TaskListTableViewCell.xib */; };
		199C786C2A0BAA2C0085B510 /* TaskService.swift in Sources */ = {isa = PBXBuildFile; fileRef = 199C786B2A0BAA2C0085B510 /* TaskService.swift */; };
		199C786E2A0BAA650085B510 /* TaskServiceImp.swift in Sources */ = {isa = PBXBuildFile; fileRef = 199C786D2A0BAA650085B510 /* TaskServiceImp.swift */; };
		199C78702A0BB3140085B510 /* TaskListBuilder.swift in Sources */ = {isa = PBXBuildFile; fileRef = 199C786F2A0BB3140085B510 /* TaskListBuilder.swift */; };
		199C78722A0BF3130085B510 /* TaskDetailBuilder.swift in Sources */ = {isa = PBXBuildFile; fileRef = 199C78712A0BF3130085B510 /* TaskDetailBuilder.swift */; };
		19DF0D172A0A88000044CC72 /* TaskDetailPresenterImp.swift in Sources */ = {isa = PBXBuildFile; fileRef = 19DF0D162A0A88000044CC72 /* TaskDetailPresenterImp.swift */; };
		19DF0D1A2A0A883C0044CC72 /* TaskDetailPresenter.swift in Sources */ = {isa = PBXBuildFile; fileRef = 19DF0D192A0A883C0044CC72 /* TaskDetailPresenter.swift */; };
		19DF0D1C2A0A88AC0044CC72 /* TaskMgNavigationController.swift in Sources */ = {isa = PBXBuildFile; fileRef = 19DF0D1B2A0A88AC0044CC72 /* TaskMgNavigationController.swift */; };
		19DF0D1F2A0A8CC10044CC72 /* TaskDetailView.swift in Sources */ = {isa = PBXBuildFile; fileRef = 19DF0D1E2A0A8CC10044CC72 /* TaskDetailView.swift */; };
		19FA762529FFE1470007D18E /* AppDelegate.swift in Sources */ = {isa = PBXBuildFile; fileRef = 19FA762429FFE1470007D18E /* AppDelegate.swift */; };
		19FA763129FFE14A0007D18E /* Assets.xcassets in Resources */ = {isa = PBXBuildFile; fileRef = 19FA763029FFE14A0007D18E /* Assets.xcassets */; };
		19FA763429FFE14A0007D18E /* LaunchScreen.storyboard in Resources */ = {isa = PBXBuildFile; fileRef = 19FA763229FFE14A0007D18E /* LaunchScreen.storyboard */; };
		19FA764029FFE1B40007D18E /* TaskListViewController.swift in Sources */ = {isa = PBXBuildFile; fileRef = 19FA763E29FFE1B40007D18E /* TaskListViewController.swift */; };
		19FA764129FFE1B40007D18E /* TaskListViewController.xib in Resources */ = {isa = PBXBuildFile; fileRef = 19FA763F29FFE1B40007D18E /* TaskListViewController.xib */; };
		19FA765C2A011A9F0007D18E /* TaskListTableViewCell.swift in Sources */ = {isa = PBXBuildFile; fileRef = 19FA765A2A011A9F0007D18E /* TaskListTableViewCell.swift */; };
		19FA76602A0389000007D18E /* CompletedTaskListTableViewCell.swift in Sources */ = {isa = PBXBuildFile; fileRef = 19FA765E2A0389000007D18E /* CompletedTaskListTableViewCell.swift */; };
		19FA76612A0389000007D18E /* CompletedTaskListTableViewCell.xib in Resources */ = {isa = PBXBuildFile; fileRef = 19FA765F2A0389000007D18E /* CompletedTaskListTableViewCell.xib */; };
		19FA76642A039A270007D18E /* Task.swift in Sources */ = {isa = PBXBuildFile; fileRef = 19FA76632A039A270007D18E /* Task.swift */; };
		19FA76672A039AAE0007D18E /* TaskListPresenterImp.swift in Sources */ = {isa = PBXBuildFile; fileRef = 19FA76662A039AAE0007D18E /* TaskListPresenterImp.swift */; };
		19FA766A2A03AC450007D18E /* TaskListPresenter.swift in Sources */ = {isa = PBXBuildFile; fileRef = 19FA76692A03AC450007D18E /* TaskListPresenter.swift */; };
		19FA766D2A03BF660007D18E /* MainCoordinator.swift in Sources */ = {isa = PBXBuildFile; fileRef = 19FA766C2A03BF660007D18E /* MainCoordinator.swift */; };
/* End PBXBuildFile section */

/* Begin PBXContainerItemProxy section */
		191924212A1CB8C1000BB3A7 /* PBXContainerItemProxy */ = {
			isa = PBXContainerItemProxy;
			containerPortal = 19FA761929FFE1470007D18E /* Project object */;
			proxyType = 1;
			remoteGlobalIDString = 19FA762029FFE1470007D18E;
			remoteInfo = ToDoList;
		};
/* End PBXContainerItemProxy section */

/* Begin PBXFileReference section */
		190375BD2A0FAE390050AB1B /* en */ = {isa = PBXFileReference; lastKnownFileType = text.plist.strings; name = en; path = en.lproj/Localizable.strings; sourceTree = "<group>"; };
		190375BF2A0FAE5A0050AB1B /* ro */ = {isa = PBXFileReference; lastKnownFileType = text.plist.strings; name = ro; path = ro.lproj/Localizable.strings; sourceTree = "<group>"; };
		190375C02A0FAE9A0050AB1B /* ru */ = {isa = PBXFileReference; lastKnownFileType = text.plist.strings; name = ru; path = ru.lproj/Localizable.strings; sourceTree = "<group>"; };
		191924062A1BAD8A000BB3A7 /* ToDoList.xcdatamodel */ = {isa = PBXFileReference; lastKnownFileType = wrapper.xcdatamodel; path = ToDoList.xcdatamodel; sourceTree = "<group>"; };
		191924082A1BADFD000BB3A7 /* TaskEntity+CoreDataClass.swift */ = {isa = PBXFileReference; lastKnownFileType = sourcecode.swift; path = "TaskEntity+CoreDataClass.swift"; sourceTree = SOURCE_ROOT; };
		191924092A1BADFD000BB3A7 /* TaskEntity+CoreDataProperties.swift */ = {isa = PBXFileReference; lastKnownFileType = sourcecode.swift; path = "TaskEntity+CoreDataProperties.swift"; sourceTree = SOURCE_ROOT; };
		1919241D2A1CB8C1000BB3A7 /* ToDoListTests.xctest */ = {isa = PBXFileReference; explicitFileType = wrapper.cfbundle; includeInIndex = 0; path = ToDoListTests.xctest; sourceTree = BUILT_PRODUCTS_DIR; };
		1919241F2A1CB8C1000BB3A7 /* ToDoListTests.swift */ = {isa = PBXFileReference; lastKnownFileType = sourcecode.swift; path = ToDoListTests.swift; sourceTree = "<group>"; };
		198C53602A0639170073A346 /* TaskListView.swift */ = {isa = PBXFileReference; lastKnownFileType = sourcecode.swift; path = TaskListView.swift; sourceTree = "<group>"; };
		198C53632A06615F0073A346 /* TaskDetailViewController.swift */ = {isa = PBXFileReference; lastKnownFileType = sourcecode.swift; path = TaskDetailViewController.swift; sourceTree = "<group>"; };
		198C53642A06615F0073A346 /* TaskDetailViewController.xib */ = {isa = PBXFileReference; lastKnownFileType = file.xib; path = TaskDetailViewController.xib; sourceTree = "<group>"; };
		199A4E142A04DDA6001AA9AF /* Constants.swift */ = {isa = PBXFileReference; lastKnownFileType = sourcecode.swift; path = Constants.swift; sourceTree = "<group>"; };
		199A4E172A04F0A2001AA9AF /* TaskListTableViewCell.xib */ = {isa = PBXFileReference; fileEncoding = 4; lastKnownFileType = file.xib; path = TaskListTableViewCell.xib; sourceTree = "<group>"; };
		199C786B2A0BAA2C0085B510 /* TaskService.swift */ = {isa = PBXFileReference; lastKnownFileType = sourcecode.swift; path = TaskService.swift; sourceTree = "<group>"; };
		199C786D2A0BAA650085B510 /* TaskServiceImp.swift */ = {isa = PBXFileReference; lastKnownFileType = sourcecode.swift; path = TaskServiceImp.swift; sourceTree = "<group>"; };
		199C786F2A0BB3140085B510 /* TaskListBuilder.swift */ = {isa = PBXFileReference; lastKnownFileType = sourcecode.swift; path = TaskListBuilder.swift; sourceTree = "<group>"; };
		199C78712A0BF3130085B510 /* TaskDetailBuilder.swift */ = {isa = PBXFileReference; lastKnownFileType = sourcecode.swift; path = TaskDetailBuilder.swift; sourceTree = "<group>"; };
		19DF0D162A0A88000044CC72 /* TaskDetailPresenterImp.swift */ = {isa = PBXFileReference; lastKnownFileType = sourcecode.swift; path = TaskDetailPresenterImp.swift; sourceTree = "<group>"; };
		19DF0D192A0A883C0044CC72 /* TaskDetailPresenter.swift */ = {isa = PBXFileReference; lastKnownFileType = sourcecode.swift; path = TaskDetailPresenter.swift; sourceTree = "<group>"; };
		19DF0D1B2A0A88AC0044CC72 /* TaskMgNavigationController.swift */ = {isa = PBXFileReference; lastKnownFileType = sourcecode.swift; path = TaskMgNavigationController.swift; sourceTree = "<group>"; };
		19DF0D1E2A0A8CC10044CC72 /* TaskDetailView.swift */ = {isa = PBXFileReference; lastKnownFileType = sourcecode.swift; path = TaskDetailView.swift; sourceTree = "<group>"; };
		19FA762129FFE1470007D18E /* ToDoList.app */ = {isa = PBXFileReference; explicitFileType = wrapper.application; includeInIndex = 0; path = ToDoList.app; sourceTree = BUILT_PRODUCTS_DIR; };
		19FA762429FFE1470007D18E /* AppDelegate.swift */ = {isa = PBXFileReference; lastKnownFileType = sourcecode.swift; path = AppDelegate.swift; sourceTree = "<group>"; };
		19FA763029FFE14A0007D18E /* Assets.xcassets */ = {isa = PBXFileReference; lastKnownFileType = folder.assetcatalog; path = Assets.xcassets; sourceTree = "<group>"; };
		19FA763329FFE14A0007D18E /* Base */ = {isa = PBXFileReference; lastKnownFileType = file.storyboard; name = Base; path = Base.lproj/LaunchScreen.storyboard; sourceTree = "<group>"; };
		19FA763529FFE14A0007D18E /* Info.plist */ = {isa = PBXFileReference; lastKnownFileType = text.plist.xml; path = Info.plist; sourceTree = "<group>"; };
		19FA763E29FFE1B40007D18E /* TaskListViewController.swift */ = {isa = PBXFileReference; lastKnownFileType = sourcecode.swift; name = TaskListViewController.swift; path = Controllers/TaskListViewController.swift; sourceTree = "<group>"; };
		19FA763F29FFE1B40007D18E /* TaskListViewController.xib */ = {isa = PBXFileReference; lastKnownFileType = file.xib; name = TaskListViewController.xib; path = Controllers/TaskListViewController.xib; sourceTree = "<group>"; };
		19FA765A2A011A9F0007D18E /* TaskListTableViewCell.swift */ = {isa = PBXFileReference; lastKnownFileType = sourcecode.swift; path = TaskListTableViewCell.swift; sourceTree = "<group>"; };
		19FA765E2A0389000007D18E /* CompletedTaskListTableViewCell.swift */ = {isa = PBXFileReference; lastKnownFileType = sourcecode.swift; path = CompletedTaskListTableViewCell.swift; sourceTree = "<group>"; };
		19FA765F2A0389000007D18E /* CompletedTaskListTableViewCell.xib */ = {isa = PBXFileReference; lastKnownFileType = file.xib; path = CompletedTaskListTableViewCell.xib; sourceTree = "<group>"; };
		19FA76632A039A270007D18E /* Task.swift */ = {isa = PBXFileReference; lastKnownFileType = sourcecode.swift; path = Task.swift; sourceTree = "<group>"; };
		19FA76662A039AAE0007D18E /* TaskListPresenterImp.swift */ = {isa = PBXFileReference; lastKnownFileType = sourcecode.swift; path = TaskListPresenterImp.swift; sourceTree = "<group>"; };
		19FA76692A03AC450007D18E /* TaskListPresenter.swift */ = {isa = PBXFileReference; lastKnownFileType = sourcecode.swift; path = TaskListPresenter.swift; sourceTree = "<group>"; };
		19FA766C2A03BF660007D18E /* MainCoordinator.swift */ = {isa = PBXFileReference; lastKnownFileType = sourcecode.swift; path = MainCoordinator.swift; sourceTree = "<group>"; };
/* End PBXFileReference section */

/* Begin PBXFrameworksBuildPhase section */
		1919241A2A1CB8C1000BB3A7 /* Frameworks */ = {
			isa = PBXFrameworksBuildPhase;
			buildActionMask = 2147483647;
			files = (
			);
			runOnlyForDeploymentPostprocessing = 0;
		};
		19FA761E29FFE1470007D18E /* Frameworks */ = {
			isa = PBXFrameworksBuildPhase;
			buildActionMask = 2147483647;
			files = (
			);
			runOnlyForDeploymentPostprocessing = 0;
		};
/* End PBXFrameworksBuildPhase section */

/* Begin PBXGroup section */
		1919241E2A1CB8C1000BB3A7 /* ToDoListTests */ = {
			isa = PBXGroup;
			children = (
				1919241F2A1CB8C1000BB3A7 /* ToDoListTests.swift */,
			);
			path = ToDoListTests;
			sourceTree = "<group>";
		};
		198C535E2A06389A0073A346 /* Modules */ = {
			isa = PBXGroup;
			children = (
				19DF0D132A0A87A30044CC72 /* TaskDetail */,
				19DF0D102A08F16D0044CC72 /* TaskList */,
			);
			path = Modules;
			sourceTree = "<group>";
		};
		198C535F2A0638AF0073A346 /* Constants */ = {
			isa = PBXGroup;
			children = (
				199A4E142A04DDA6001AA9AF /* Constants.swift */,
				190375BE2A0FAE390050AB1B /* Localizable.strings */,
			);
			path = Constants;
			sourceTree = "<group>";
		};
		199C786A2A0BAA140085B510 /* TaskService */ = {
			isa = PBXGroup;
			children = (
				191924082A1BADFD000BB3A7 /* TaskEntity+CoreDataClass.swift */,
				191924092A1BADFD000BB3A7 /* TaskEntity+CoreDataProperties.swift */,
				191924052A1BAD89000BB3A7 /* ToDoList.xcdatamodeld */,
				199C786B2A0BAA2C0085B510 /* TaskService.swift */,
				199C786D2A0BAA650085B510 /* TaskServiceImp.swift */,
			);
			path = TaskService;
			sourceTree = "<group>";
		};
		19DF0D102A08F16D0044CC72 /* TaskList */ = {
			isa = PBXGroup;
			children = (
				19FA76622A039A1D0007D18E /* Model */,
				19FA76652A039A9F0007D18E /* Presenter */,
				19FA763D29FFE18D0007D18E /* Views */,
			);
			path = TaskList;
			sourceTree = "<group>";
		};
		19DF0D122A08F3A30044CC72 /* Protocol */ = {
			isa = PBXGroup;
			children = (
				198C53602A0639170073A346 /* TaskListView.swift */,
			);
			path = Protocol;
			sourceTree = "<group>";
		};
		19DF0D132A0A87A30044CC72 /* TaskDetail */ = {
			isa = PBXGroup;
			children = (
				19DF0D152A0A87C00044CC72 /* Presenter */,
				19DF0D142A0A87BA0044CC72 /* View */,
			);
			path = TaskDetail;
			sourceTree = "<group>";
		};
		19DF0D142A0A87BA0044CC72 /* View */ = {
			isa = PBXGroup;
			children = (
				199C78712A0BF3130085B510 /* TaskDetailBuilder.swift */,
				19DF0D1D2A0A8CB00044CC72 /* Protocol */,
				198C53632A06615F0073A346 /* TaskDetailViewController.swift */,
				198C53642A06615F0073A346 /* TaskDetailViewController.xib */,
			);
			path = View;
			sourceTree = "<group>";
		};
		19DF0D152A0A87C00044CC72 /* Presenter */ = {
			isa = PBXGroup;
			children = (
				19DF0D182A0A88160044CC72 /* Protocol */,
				19DF0D162A0A88000044CC72 /* TaskDetailPresenterImp.swift */,
			);
			path = Presenter;
			sourceTree = "<group>";
		};
		19DF0D182A0A88160044CC72 /* Protocol */ = {
			isa = PBXGroup;
			children = (
				19DF0D192A0A883C0044CC72 /* TaskDetailPresenter.swift */,
			);
			path = Protocol;
			sourceTree = "<group>";
		};
		19DF0D1D2A0A8CB00044CC72 /* Protocol */ = {
			isa = PBXGroup;
			children = (
				19DF0D1E2A0A8CC10044CC72 /* TaskDetailView.swift */,
			);
			path = Protocol;
			sourceTree = "<group>";
		};
		19FA761829FFE1470007D18E = {
			isa = PBXGroup;
			children = (
				19FA762329FFE1470007D18E /* ToDoList */,
				1919241E2A1CB8C1000BB3A7 /* ToDoListTests */,
				19FA762229FFE1470007D18E /* Products */,
			);
			sourceTree = "<group>";
		};
		19FA762229FFE1470007D18E /* Products */ = {
			isa = PBXGroup;
			children = (
				19FA762129FFE1470007D18E /* ToDoList.app */,
				1919241D2A1CB8C1000BB3A7 /* ToDoListTests.xctest */,
			);
			name = Products;
			sourceTree = "<group>";
		};
		19FA762329FFE1470007D18E /* ToDoList */ = {
			isa = PBXGroup;
			children = (
				199C786A2A0BAA140085B510 /* TaskService */,
				198C535F2A0638AF0073A346 /* Constants */,
				198C535E2A06389A0073A346 /* Modules */,
				19FA766B2A03BF590007D18E /* Coordinator */,
				19FA763C29FFE1850007D18E /* Assets */,
				19FA763B29FFE1570007D18E /* AdditionalFiles */,
				19FA763529FFE14A0007D18E /* Info.plist */,
			);
			path = ToDoList;
			sourceTree = "<group>";
		};
		19FA763B29FFE1570007D18E /* AdditionalFiles */ = {
			isa = PBXGroup;
			children = (
				19FA763229FFE14A0007D18E /* LaunchScreen.storyboard */,
				19FA762429FFE1470007D18E /* AppDelegate.swift */,
			);
			path = AdditionalFiles;
			sourceTree = "<group>";
		};
		19FA763C29FFE1850007D18E /* Assets */ = {
			isa = PBXGroup;
			children = (
				19FA763029FFE14A0007D18E /* Assets.xcassets */,
			);
			path = Assets;
			sourceTree = "<group>";
		};
		19FA763D29FFE18D0007D18E /* Views */ = {
			isa = PBXGroup;
			children = (
				199C786F2A0BB3140085B510 /* TaskListBuilder.swift */,
				19DF0D122A08F3A30044CC72 /* Protocol */,
				19FA763E29FFE1B40007D18E /* TaskListViewController.swift */,
				19FA763F29FFE1B40007D18E /* TaskListViewController.xib */,
				19FA765E2A0389000007D18E /* CompletedTaskListTableViewCell.swift */,
				19FA765F2A0389000007D18E /* CompletedTaskListTableViewCell.xib */,
				19FA765A2A011A9F0007D18E /* TaskListTableViewCell.swift */,
				199A4E172A04F0A2001AA9AF /* TaskListTableViewCell.xib */,
			);
			path = Views;
			sourceTree = "<group>";
		};
		19FA76622A039A1D0007D18E /* Model */ = {
			isa = PBXGroup;
			children = (
				19FA76632A039A270007D18E /* Task.swift */,
			);
			path = Model;
			sourceTree = "<group>";
		};
		19FA76652A039A9F0007D18E /* Presenter */ = {
			isa = PBXGroup;
			children = (
				19FA76682A03AC240007D18E /* Protocol */,
				19FA76662A039AAE0007D18E /* TaskListPresenterImp.swift */,
			);
			path = Presenter;
			sourceTree = "<group>";
		};
		19FA76682A03AC240007D18E /* Protocol */ = {
			isa = PBXGroup;
			children = (
				19FA76692A03AC450007D18E /* TaskListPresenter.swift */,
			);
			path = Protocol;
			sourceTree = "<group>";
		};
		19FA766B2A03BF590007D18E /* Coordinator */ = {
			isa = PBXGroup;
			children = (
				19FA766C2A03BF660007D18E /* MainCoordinator.swift */,
				19DF0D1B2A0A88AC0044CC72 /* TaskMgNavigationController.swift */,
			);
			path = Coordinator;
			sourceTree = "<group>";
		};
/* End PBXGroup section */

/* Begin PBXNativeTarget section */
		1919241C2A1CB8C1000BB3A7 /* ToDoListTests */ = {
			isa = PBXNativeTarget;
			buildConfigurationList = 191924232A1CB8C1000BB3A7 /* Build configuration list for PBXNativeTarget "ToDoListTests" */;
			buildPhases = (
				191924192A1CB8C1000BB3A7 /* Sources */,
				1919241A2A1CB8C1000BB3A7 /* Frameworks */,
				1919241B2A1CB8C1000BB3A7 /* Resources */,
			);
			buildRules = (
			);
			dependencies = (
				191924222A1CB8C1000BB3A7 /* PBXTargetDependency */,
			);
			name = ToDoListTests;
			productName = ToDoListTests;
			productReference = 1919241D2A1CB8C1000BB3A7 /* ToDoListTests.xctest */;
			productType = "com.apple.product-type.bundle.unit-test";
		};
		19FA762029FFE1470007D18E /* ToDoList */ = {
			isa = PBXNativeTarget;
			buildConfigurationList = 19FA763829FFE14A0007D18E /* Build configuration list for PBXNativeTarget "ToDoList" */;
			buildPhases = (
				19FA761D29FFE1470007D18E /* Sources */,
				19FA761E29FFE1470007D18E /* Frameworks */,
				19FA761F29FFE1470007D18E /* Resources */,
			);
			buildRules = (
			);
			dependencies = (
			);
			name = ToDoList;
			productName = ToDoList;
			productReference = 19FA762129FFE1470007D18E /* ToDoList.app */;
			productType = "com.apple.product-type.application";
		};
/* End PBXNativeTarget section */

/* Begin PBXProject section */
		19FA761929FFE1470007D18E /* Project object */ = {
			isa = PBXProject;
			attributes = {
				BuildIndependentTargetsInParallel = 1;
				LastSwiftUpdateCheck = 1430;
				LastUpgradeCheck = 1430;
				TargetAttributes = {
					1919241C2A1CB8C1000BB3A7 = {
						CreatedOnToolsVersion = 14.3;
						TestTargetID = 19FA762029FFE1470007D18E;
					};
					19FA762029FFE1470007D18E = {
						CreatedOnToolsVersion = 14.3;
					};
				};
			};
			buildConfigurationList = 19FA761C29FFE1470007D18E /* Build configuration list for PBXProject "ToDoList" */;
			compatibilityVersion = "Xcode 14.0";
			developmentRegion = en;
			hasScannedForEncodings = 0;
			knownRegions = (
				en,
				Base,
				ro,
				ru,
			);
			mainGroup = 19FA761829FFE1470007D18E;
			productRefGroup = 19FA762229FFE1470007D18E /* Products */;
			projectDirPath = "";
			projectRoot = "";
			targets = (
				19FA762029FFE1470007D18E /* ToDoList */,
				1919241C2A1CB8C1000BB3A7 /* ToDoListTests */,
			);
		};
/* End PBXProject section */

/* Begin PBXResourcesBuildPhase section */
		1919241B2A1CB8C1000BB3A7 /* Resources */ = {
			isa = PBXResourcesBuildPhase;
			buildActionMask = 2147483647;
			files = (
			);
			runOnlyForDeploymentPostprocessing = 0;
		};
		19FA761F29FFE1470007D18E /* Resources */ = {
			isa = PBXResourcesBuildPhase;
			buildActionMask = 2147483647;
			files = (
				19FA76612A0389000007D18E /* CompletedTaskListTableViewCell.xib in Resources */,
				199A4E182A04F0A2001AA9AF /* TaskListTableViewCell.xib in Resources */,
				198C53662A06615F0073A346 /* TaskDetailViewController.xib in Resources */,
				190375BC2A0FAE390050AB1B /* Localizable.strings in Resources */,
				19FA763429FFE14A0007D18E /* LaunchScreen.storyboard in Resources */,
				19FA763129FFE14A0007D18E /* Assets.xcassets in Resources */,
				19FA764129FFE1B40007D18E /* TaskListViewController.xib in Resources */,
			);
			runOnlyForDeploymentPostprocessing = 0;
		};
/* End PBXResourcesBuildPhase section */

/* Begin PBXSourcesBuildPhase section */
		191924192A1CB8C1000BB3A7 /* Sources */ = {
			isa = PBXSourcesBuildPhase;
			buildActionMask = 2147483647;
			files = (
				191924202A1CB8C1000BB3A7 /* ToDoListTests.swift in Sources */,
			);
			runOnlyForDeploymentPostprocessing = 0;
		};
		19FA761D29FFE1470007D18E /* Sources */ = {
			isa = PBXSourcesBuildPhase;
			buildActionMask = 2147483647;
			files = (
				199C786C2A0BAA2C0085B510 /* TaskService.swift in Sources */,
				19FA766D2A03BF660007D18E /* MainCoordinator.swift in Sources */,
				199C78722A0BF3130085B510 /* TaskDetailBuilder.swift in Sources */,
				191924072A1BAD8A000BB3A7 /* ToDoList.xcdatamodeld in Sources */,
				19FA76672A039AAE0007D18E /* TaskListPresenterImp.swift in Sources */,
				199C786E2A0BAA650085B510 /* TaskServiceImp.swift in Sources */,
				19FA762529FFE1470007D18E /* AppDelegate.swift in Sources */,
				199C78702A0BB3140085B510 /* TaskListBuilder.swift in Sources */,
				19FA764029FFE1B40007D18E /* TaskListViewController.swift in Sources */,
				19FA76642A039A270007D18E /* Task.swift in Sources */,
				19DF0D1C2A0A88AC0044CC72 /* TaskMgNavigationController.swift in Sources */,
				19FA766A2A03AC450007D18E /* TaskListPresenter.swift in Sources */,
				198C53652A06615F0073A346 /* TaskDetailViewController.swift in Sources */,
				19FA765C2A011A9F0007D18E /* TaskListTableViewCell.swift in Sources */,
				1919240A2A1BADFD000BB3A7 /* TaskEntity+CoreDataClass.swift in Sources */,
				1919240B2A1BADFD000BB3A7 /* TaskEntity+CoreDataProperties.swift in Sources */,
				19DF0D172A0A88000044CC72 /* TaskDetailPresenterImp.swift in Sources */,
				198C53612A0639170073A346 /* TaskListView.swift in Sources */,
				19FA76602A0389000007D18E /* CompletedTaskListTableViewCell.swift in Sources */,
				19DF0D1A2A0A883C0044CC72 /* TaskDetailPresenter.swift in Sources */,
				199A4E152A04DDA6001AA9AF /* Constants.swift in Sources */,
				19DF0D1F2A0A8CC10044CC72 /* TaskDetailView.swift in Sources */,
			);
			runOnlyForDeploymentPostprocessing = 0;
		};
/* End PBXSourcesBuildPhase section */

/* Begin PBXTargetDependency section */
		191924222A1CB8C1000BB3A7 /* PBXTargetDependency */ = {
			isa = PBXTargetDependency;
			target = 19FA762029FFE1470007D18E /* ToDoList */;
			targetProxy = 191924212A1CB8C1000BB3A7 /* PBXContainerItemProxy */;
		};
/* End PBXTargetDependency section */

/* Begin PBXVariantGroup section */
		190375BE2A0FAE390050AB1B /* Localizable.strings */ = {
			isa = PBXVariantGroup;
			children = (
				190375BD2A0FAE390050AB1B /* en */,
				190375BF2A0FAE5A0050AB1B /* ro */,
				190375C02A0FAE9A0050AB1B /* ru */,
			);
			name = Localizable.strings;
			sourceTree = "<group>";
		};
		19FA763229FFE14A0007D18E /* LaunchScreen.storyboard */ = {
			isa = PBXVariantGroup;
			children = (
				19FA763329FFE14A0007D18E /* Base */,
			);
			name = LaunchScreen.storyboard;
			sourceTree = "<group>";
		};
/* End PBXVariantGroup section */

/* Begin XCBuildConfiguration section */
		191924242A1CB8C1000BB3A7 /* Debug */ = {
			isa = XCBuildConfiguration;
			buildSettings = {
				BUNDLE_LOADER = "$(TEST_HOST)";
				CODE_SIGN_STYLE = Automatic;
				CURRENT_PROJECT_VERSION = 1;
				DEVELOPMENT_TEAM = 63YH9QU4W4;
				GENERATE_INFOPLIST_FILE = YES;
				MARKETING_VERSION = 1.0;
				PRODUCT_BUNDLE_IDENTIFIER = "istecalovici-gmail.com.ToDoListTests";
				PRODUCT_NAME = "$(TARGET_NAME)";
				SWIFT_EMIT_LOC_STRINGS = NO;
				SWIFT_VERSION = 5.0;
				TARGETED_DEVICE_FAMILY = "1,2";
				TEST_HOST = "$(BUILT_PRODUCTS_DIR)/ToDoList.app/$(BUNDLE_EXECUTABLE_FOLDER_PATH)/ToDoList";
			};
			name = Debug;
		};
		191924252A1CB8C1000BB3A7 /* Release */ = {
			isa = XCBuildConfiguration;
			buildSettings = {
				BUNDLE_LOADER = "$(TEST_HOST)";
				CODE_SIGN_STYLE = Automatic;
				CURRENT_PROJECT_VERSION = 1;
				DEVELOPMENT_TEAM = 63YH9QU4W4;
				GENERATE_INFOPLIST_FILE = YES;
				MARKETING_VERSION = 1.0;
				PRODUCT_BUNDLE_IDENTIFIER = "istecalovici-gmail.com.ToDoListTests";
				PRODUCT_NAME = "$(TARGET_NAME)";
				SWIFT_EMIT_LOC_STRINGS = NO;
				SWIFT_VERSION = 5.0;
				TARGETED_DEVICE_FAMILY = "1,2";
				TEST_HOST = "$(BUILT_PRODUCTS_DIR)/ToDoList.app/$(BUNDLE_EXECUTABLE_FOLDER_PATH)/ToDoList";
			};
			name = Release;
		};
		19FA763629FFE14A0007D18E /* Debug */ = {
			isa = XCBuildConfiguration;
			buildSettings = {
				ALWAYS_SEARCH_USER_PATHS = NO;
				CLANG_ANALYZER_LOCALIZABILITY_NONLOCALIZED = YES;
				CLANG_ANALYZER_NONNULL = YES;
				CLANG_ANALYZER_NUMBER_OBJECT_CONVERSION = YES_AGGRESSIVE;
				CLANG_CXX_LANGUAGE_STANDARD = "gnu++20";
				CLANG_ENABLE_MODULES = YES;
				CLANG_ENABLE_OBJC_ARC = YES;
				CLANG_ENABLE_OBJC_WEAK = YES;
				CLANG_WARN_BLOCK_CAPTURE_AUTORELEASING = YES;
				CLANG_WARN_BOOL_CONVERSION = YES;
				CLANG_WARN_COMMA = YES;
				CLANG_WARN_CONSTANT_CONVERSION = YES;
				CLANG_WARN_DEPRECATED_OBJC_IMPLEMENTATIONS = YES;
				CLANG_WARN_DIRECT_OBJC_ISA_USAGE = YES_ERROR;
				CLANG_WARN_DOCUMENTATION_COMMENTS = YES;
				CLANG_WARN_EMPTY_BODY = YES;
				CLANG_WARN_ENUM_CONVERSION = YES;
				CLANG_WARN_INFINITE_RECURSION = YES;
				CLANG_WARN_INT_CONVERSION = YES;
				CLANG_WARN_NON_LITERAL_NULL_CONVERSION = YES;
				CLANG_WARN_OBJC_IMPLICIT_RETAIN_SELF = YES;
				CLANG_WARN_OBJC_LITERAL_CONVERSION = YES;
				CLANG_WARN_OBJC_ROOT_CLASS = YES_ERROR;
				CLANG_WARN_QUOTED_INCLUDE_IN_FRAMEWORK_HEADER = YES;
				CLANG_WARN_RANGE_LOOP_ANALYSIS = YES;
				CLANG_WARN_STRICT_PROTOTYPES = YES;
				CLANG_WARN_SUSPICIOUS_MOVE = YES;
				CLANG_WARN_UNGUARDED_AVAILABILITY = YES_AGGRESSIVE;
				CLANG_WARN_UNREACHABLE_CODE = YES;
				CLANG_WARN__DUPLICATE_METHOD_MATCH = YES;
				COPY_PHASE_STRIP = NO;
				DEBUG_INFORMATION_FORMAT = dwarf;
				ENABLE_STRICT_OBJC_MSGSEND = YES;
				ENABLE_TESTABILITY = YES;
				GCC_C_LANGUAGE_STANDARD = gnu11;
				GCC_DYNAMIC_NO_PIC = NO;
				GCC_NO_COMMON_BLOCKS = YES;
				GCC_OPTIMIZATION_LEVEL = 0;
				GCC_PREPROCESSOR_DEFINITIONS = (
					"DEBUG=1",
					"$(inherited)",
				);
				GCC_WARN_64_TO_32_BIT_CONVERSION = YES;
				GCC_WARN_ABOUT_RETURN_TYPE = YES_ERROR;
				GCC_WARN_UNDECLARED_SELECTOR = YES;
				GCC_WARN_UNINITIALIZED_AUTOS = YES_AGGRESSIVE;
				GCC_WARN_UNUSED_FUNCTION = YES;
				GCC_WARN_UNUSED_VARIABLE = YES;
				IPHONEOS_DEPLOYMENT_TARGET = 16.4;
				MTL_ENABLE_DEBUG_INFO = INCLUDE_SOURCE;
				MTL_FAST_MATH = YES;
				ONLY_ACTIVE_ARCH = YES;
				SDKROOT = iphoneos;
				SWIFT_ACTIVE_COMPILATION_CONDITIONS = DEBUG;
				SWIFT_OPTIMIZATION_LEVEL = "-Onone";
			};
			name = Debug;
		};
		19FA763729FFE14A0007D18E /* Release */ = {
			isa = XCBuildConfiguration;
			buildSettings = {
				ALWAYS_SEARCH_USER_PATHS = NO;
				CLANG_ANALYZER_LOCALIZABILITY_NONLOCALIZED = YES;
				CLANG_ANALYZER_NONNULL = YES;
				CLANG_ANALYZER_NUMBER_OBJECT_CONVERSION = YES_AGGRESSIVE;
				CLANG_CXX_LANGUAGE_STANDARD = "gnu++20";
				CLANG_ENABLE_MODULES = YES;
				CLANG_ENABLE_OBJC_ARC = YES;
				CLANG_ENABLE_OBJC_WEAK = YES;
				CLANG_WARN_BLOCK_CAPTURE_AUTORELEASING = YES;
				CLANG_WARN_BOOL_CONVERSION = YES;
				CLANG_WARN_COMMA = YES;
				CLANG_WARN_CONSTANT_CONVERSION = YES;
				CLANG_WARN_DEPRECATED_OBJC_IMPLEMENTATIONS = YES;
				CLANG_WARN_DIRECT_OBJC_ISA_USAGE = YES_ERROR;
				CLANG_WARN_DOCUMENTATION_COMMENTS = YES;
				CLANG_WARN_EMPTY_BODY = YES;
				CLANG_WARN_ENUM_CONVERSION = YES;
				CLANG_WARN_INFINITE_RECURSION = YES;
				CLANG_WARN_INT_CONVERSION = YES;
				CLANG_WARN_NON_LITERAL_NULL_CONVERSION = YES;
				CLANG_WARN_OBJC_IMPLICIT_RETAIN_SELF = YES;
				CLANG_WARN_OBJC_LITERAL_CONVERSION = YES;
				CLANG_WARN_OBJC_ROOT_CLASS = YES_ERROR;
				CLANG_WARN_QUOTED_INCLUDE_IN_FRAMEWORK_HEADER = YES;
				CLANG_WARN_RANGE_LOOP_ANALYSIS = YES;
				CLANG_WARN_STRICT_PROTOTYPES = YES;
				CLANG_WARN_SUSPICIOUS_MOVE = YES;
				CLANG_WARN_UNGUARDED_AVAILABILITY = YES_AGGRESSIVE;
				CLANG_WARN_UNREACHABLE_CODE = YES;
				CLANG_WARN__DUPLICATE_METHOD_MATCH = YES;
				COPY_PHASE_STRIP = NO;
				DEBUG_INFORMATION_FORMAT = "dwarf-with-dsym";
				ENABLE_NS_ASSERTIONS = NO;
				ENABLE_STRICT_OBJC_MSGSEND = YES;
				GCC_C_LANGUAGE_STANDARD = gnu11;
				GCC_NO_COMMON_BLOCKS = YES;
				GCC_WARN_64_TO_32_BIT_CONVERSION = YES;
				GCC_WARN_ABOUT_RETURN_TYPE = YES_ERROR;
				GCC_WARN_UNDECLARED_SELECTOR = YES;
				GCC_WARN_UNINITIALIZED_AUTOS = YES_AGGRESSIVE;
				GCC_WARN_UNUSED_FUNCTION = YES;
				GCC_WARN_UNUSED_VARIABLE = YES;
				IPHONEOS_DEPLOYMENT_TARGET = 16.4;
				MTL_ENABLE_DEBUG_INFO = NO;
				MTL_FAST_MATH = YES;
				SDKROOT = iphoneos;
				SWIFT_COMPILATION_MODE = wholemodule;
				SWIFT_OPTIMIZATION_LEVEL = "-O";
				VALIDATE_PRODUCT = YES;
			};
			name = Release;
		};
		19FA763929FFE14A0007D18E /* Debug */ = {
			isa = XCBuildConfiguration;
			buildSettings = {
				ASSETCATALOG_COMPILER_APPICON_NAME = AppIcon;
				ASSETCATALOG_COMPILER_GLOBAL_ACCENT_COLOR_NAME = AccentColor;
				CODE_SIGN_STYLE = Automatic;
				CURRENT_PROJECT_VERSION = 1;
				DEVELOPMENT_TEAM = P78P6BZQLK;
				GENERATE_INFOPLIST_FILE = YES;
				INFOPLIST_FILE = ToDoList/Info.plist;
				INFOPLIST_KEY_UIApplicationSupportsIndirectInputEvents = YES;
				INFOPLIST_KEY_UILaunchStoryboardName = LaunchScreen;
				INFOPLIST_KEY_UIMainStoryboardFile = "";
				INFOPLIST_KEY_UISupportedInterfaceOrientations_iPad = "UIInterfaceOrientationPortrait UIInterfaceOrientationPortraitUpsideDown UIInterfaceOrientationLandscapeLeft UIInterfaceOrientationLandscapeRight";
				INFOPLIST_KEY_UISupportedInterfaceOrientations_iPhone = "UIInterfaceOrientationPortrait UIInterfaceOrientationLandscapeLeft UIInterfaceOrientationLandscapeRight";
				IPHONEOS_DEPLOYMENT_TARGET = 16.0;
				LD_RUNPATH_SEARCH_PATHS = (
					"$(inherited)",
					"@executable_path/Frameworks",
				);
				MARKETING_VERSION = 1.0;
				PRODUCT_BUNDLE_IDENTIFIER = "Iuliana-Stecalovici.ToDoList";
				PRODUCT_NAME = "$(TARGET_NAME)";
				SWIFT_EMIT_LOC_STRINGS = YES;
				SWIFT_VERSION = 5.0;
				TARGETED_DEVICE_FAMILY = "1,2";
			};
			name = Debug;
		};
		19FA763A29FFE14A0007D18E /* Release */ = {
			isa = XCBuildConfiguration;
			buildSettings = {
				ASSETCATALOG_COMPILER_APPICON_NAME = AppIcon;
				ASSETCATALOG_COMPILER_GLOBAL_ACCENT_COLOR_NAME = AccentColor;
				CODE_SIGN_STYLE = Automatic;
				CURRENT_PROJECT_VERSION = 1;
				DEVELOPMENT_TEAM = P78P6BZQLK;
				GENERATE_INFOPLIST_FILE = YES;
				INFOPLIST_FILE = ToDoList/Info.plist;
				INFOPLIST_KEY_UIApplicationSupportsIndirectInputEvents = YES;
				INFOPLIST_KEY_UILaunchStoryboardName = LaunchScreen;
				INFOPLIST_KEY_UIMainStoryboardFile = "";
				INFOPLIST_KEY_UISupportedInterfaceOrientations_iPad = "UIInterfaceOrientationPortrait UIInterfaceOrientationPortraitUpsideDown UIInterfaceOrientationLandscapeLeft UIInterfaceOrientationLandscapeRight";
				INFOPLIST_KEY_UISupportedInterfaceOrientations_iPhone = "UIInterfaceOrientationPortrait UIInterfaceOrientationLandscapeLeft UIInterfaceOrientationLandscapeRight";
				IPHONEOS_DEPLOYMENT_TARGET = 16.0;
				LD_RUNPATH_SEARCH_PATHS = (
					"$(inherited)",
					"@executable_path/Frameworks",
				);
				MARKETING_VERSION = 1.0;
				PRODUCT_BUNDLE_IDENTIFIER = "Iuliana-Stecalovici.ToDoList";
				PRODUCT_NAME = "$(TARGET_NAME)";
				SWIFT_EMIT_LOC_STRINGS = YES;
				SWIFT_VERSION = 5.0;
				TARGETED_DEVICE_FAMILY = "1,2";
			};
			name = Release;
		};
/* End XCBuildConfiguration section */

/* Begin XCConfigurationList section */
		191924232A1CB8C1000BB3A7 /* Build configuration list for PBXNativeTarget "ToDoListTests" */ = {
			isa = XCConfigurationList;
			buildConfigurations = (
				191924242A1CB8C1000BB3A7 /* Debug */,
				191924252A1CB8C1000BB3A7 /* Release */,
			);
			defaultConfigurationIsVisible = 0;
			defaultConfigurationName = Release;
		};
		19FA761C29FFE1470007D18E /* Build configuration list for PBXProject "ToDoList" */ = {
			isa = XCConfigurationList;
			buildConfigurations = (
				19FA763629FFE14A0007D18E /* Debug */,
				19FA763729FFE14A0007D18E /* Release */,
			);
			defaultConfigurationIsVisible = 0;
			defaultConfigurationName = Release;
		};
		19FA763829FFE14A0007D18E /* Build configuration list for PBXNativeTarget "ToDoList" */ = {
			isa = XCConfigurationList;
			buildConfigurations = (
				19FA763929FFE14A0007D18E /* Debug */,
				19FA763A29FFE14A0007D18E /* Release */,
			);
			defaultConfigurationIsVisible = 0;
			defaultConfigurationName = Release;
		};
/* End XCConfigurationList section */

/* Begin XCVersionGroup section */
		191924052A1BAD89000BB3A7 /* ToDoList.xcdatamodeld */ = {
			isa = XCVersionGroup;
			children = (
				191924062A1BAD8A000BB3A7 /* ToDoList.xcdatamodel */,
			);
			currentVersion = 191924062A1BAD8A000BB3A7 /* ToDoList.xcdatamodel */;
			path = ToDoList.xcdatamodeld;
			sourceTree = "<group>";
			versionGroupType = wrapper.xcdatamodel;
		};
/* End XCVersionGroup section */
	};
	rootObject = 19FA761929FFE1470007D18E /* Project object */;
}
